
Microsoft Visual Studio Solution File, Format Version 12.00
# Visual Studio Version 16
VisualStudioVersion = 16.0.30320.27
MinimumVisualStudioVersion = 10.0.40219.1
Project("{FAE04EC0-301F-11D3-BF4B-00C04F79EFBC}") = "TodoApi-Test", "TodoApi-Test\TodoApi-Test.csproj", "{37FFC55D-D6C6-4E18-9765-57DA8F8C6B93}"
EndProject
Global
	GlobalSection(SolutionConfigurationPlatforms) = preSolution
		Debug|Any CPU = Debug|Any CPU
		Release|Any CPU = Release|Any CPU
	EndGlobalSection
	GlobalSection(ProjectConfigurationPlatforms) = postSolution
		{37FFC55D-D6C6-4E18-9765-57DA8F8C6B93}.Debug|Any CPU.ActiveCfg = Debug|Any CPU
		{37FFC55D-D6C6-4E18-9765-57DA8F8C6B93}.Debug|Any CPU.Build.0 = Debug|Any CPU
		{37FFC55D-D6C6-4E18-9765-57DA8F8C6B93}.Release|Any CPU.ActiveCfg = Release|Any CPU
		{37FFC55D-D6C6-4E18-9765-57DA8F8C6B93}.Release|Any CPU.Build.0 = Release|Any CPU
	EndGlobalSection
	GlobalSection(SolutionProperties) = preSolution
		HideSolutionNode = FALSE
	EndGlobalSection
	GlobalSection(ExtensibilityGlobals) = postSolution
		SolutionGuid = {AE2B2E19-80A3-4F86-818B-D2408098A362}
	EndGlobalSection
EndGlobal
